
Microsoft Visual Studio Solution File, Format Version 12.00
# Visual Studio Version 16
VisualStudioVersion = 16.0.28922.388
MinimumVisualStudioVersion = 10.0.40219.1
Project("{FAE04EC0-301F-11D3-BF4B-00C04F79EFBC}") = "Panacea.Modularity.ScreenCast", "Panacea.Modularity.ScreenCast\Panacea.Modularity.ScreenCast.csproj", "{064679AB-3DD9-428C-9AEC-F6950F3070AD}"
EndProject
Global
	GlobalSection(SolutionConfigurationPlatforms) = preSolution
		Debug|Any CPU = Debug|Any CPU
		Release|Any CPU = Release|Any CPU
	EndGlobalSection
	GlobalSection(ProjectConfigurationPlatforms) = postSolution
		{064679AB-3DD9-428C-9AEC-F6950F3070AD}.Debug|Any CPU.ActiveCfg = Debug|Any CPU
		{064679AB-3DD9-428C-9AEC-F6950F3070AD}.Debug|Any CPU.Build.0 = Debug|Any CPU
		{064679AB-3DD9-428C-9AEC-F6950F3070AD}.Release|Any CPU.ActiveCfg = Release|Any CPU
		{064679AB-3DD9-428C-9AEC-F6950F3070AD}.Release|Any CPU.Build.0 = Release|Any CPU
	EndGlobalSection
	GlobalSection(SolutionProperties) = preSolution
		HideSolutionNode = FALSE
	EndGlobalSection
	GlobalSection(ExtensibilityGlobals) = postSolution
		SolutionGuid = {C4C4A67E-842C-48C6-AEFB-64EB1543361E}
	EndGlobalSection
EndGlobal
